# This file is automatically @generated by Cargo.
# It is not intended for manual editing.
version = 4

[[package]]
name = "elcarax_accessibility"
version = "0.1.0"

[[package]]
name = "elcarax_adapter_api"
version = "0.1.0"
dependencies = [
 "elcarax_core",
 "elcarax_scene_model",
]

[[package]]
name = "elcarax_adapter_host"
version = "0.1.0"
dependencies = [
 "elcarax_adapter_api",
 "elcarax_adapter_sdk",
 "elcarax_core",
]

[[package]]
name = "elcarax_adapter_sdk"
version = "0.1.0"
dependencies = [
 "elcarax_adapter_api",
 "elcarax_core",
]

[[package]]
name = "elcarax_app"
version = "0.1.0"
dependencies = [
 "elcarax_adapter_api",
 "elcarax_commands",
 "elcarax_core",
 "elcarax_devtools",
 "elcarax_gpu",
 "elcarax_platform",
 "elcarax_project",
 "elcarax_render",
 "elcarax_scene_model",
 "elcarax_ui",
]

[[package]]
name = "elcarax_assets"
version = "0.1.0"
dependencies = [
 "elcarax_core",
]

[[package]]
name = "elcarax_commands"
version = "0.1.0"
dependencies = [
 "elcarax_core",
 "elcarax_scene_model",
]

[[package]]
name = "elcarax_core"
version = "0.1.0"

[[package]]
name = "elcarax_devtools"
version = "0.1.0"
dependencies = [
 "elcarax_gpu",
 "elcarax_render",
]

[[package]]
name = "elcarax_game_adapter"
version = "0.1.0"
dependencies = [
 "elcarax_adapter_api",
 "elcarax_adapter_sdk",
 "elcarax_core",
 "elcarax_scene_model",
]

[[package]]
name = "elcarax_gpu"
version = "0.1.0"

[[package]]
name = "elcarax_platform"
version = "0.1.0"

[[package]]
name = "elcarax_project"
version = "0.1.0"
dependencies = [
 "elcarax_core",
]

[[package]]
name = "elcarax_render"
version = "0.1.0"

[[package]]
name = "elcarax_scene_model"
version = "0.1.0"
dependencies = [
 "elcarax_core",
]

[[package]]
name = "elcarax_text"
version = "0.1.0"

[[package]]
name = "elcarax_ui"
version = "0.1.0"
dependencies = [
 "elcarax_core",
 "elcarax_render",
]
